
Microsoft Visual Studio Solution File, Format Version 12.00
# Visual Studio Version 16
VisualStudioVersion = 16.0.31112.23
MinimumVisualStudioVersion = 10.0.40219.1
Project("{FAE04EC0-301F-11D3-BF4B-00C04F79EFBC}") = "GrundfosAppWebAssembly", "GrundfosAppWebAssembly\GrundfosAppWebAssembly.csproj", "{A7A336F5-C7AD-48D9-8B7A-E9528D88068B}"
EndProject
Project("{FAE04EC0-301F-11D3-BF4B-00C04F79EFBC}") = "GrundfosAppClassLibary", "GrundfosAppClassLibary\GrundfosAppClassLibary.csproj", "{CEE2D527-A745-4E20-AB71-EBED88EB5C12}"
EndProject
Global
	GlobalSection(SolutionConfigurationPlatforms) = preSolution
		Debug|Any CPU = Debug|Any CPU
		Release|Any CPU = Release|Any CPU
	EndGlobalSection
	GlobalSection(ProjectConfigurationPlatforms) = postSolution
		{A7A336F5-C7AD-48D9-8B7A-E9528D88068B}.Debug|Any CPU.ActiveCfg = Debug|Any CPU
		{A7A336F5-C7AD-48D9-8B7A-E9528D88068B}.Debug|Any CPU.Build.0 = Debug|Any CPU
		{A7A336F5-C7AD-48D9-8B7A-E9528D88068B}.Release|Any CPU.ActiveCfg = Release|Any CPU
		{A7A336F5-C7AD-48D9-8B7A-E9528D88068B}.Release|Any CPU.Build.0 = Release|Any CPU
		{CEE2D527-A745-4E20-AB71-EBED88EB5C12}.Debug|Any CPU.ActiveCfg = Debug|Any CPU
		{CEE2D527-A745-4E20-AB71-EBED88EB5C12}.Debug|Any CPU.Build.0 = Debug|Any CPU
		{CEE2D527-A745-4E20-AB71-EBED88EB5C12}.Release|Any CPU.ActiveCfg = Release|Any CPU
		{CEE2D527-A745-4E20-AB71-EBED88EB5C12}.Release|Any CPU.Build.0 = Release|Any CPU
	EndGlobalSection
	GlobalSection(SolutionProperties) = preSolution
		HideSolutionNode = FALSE
	EndGlobalSection
	GlobalSection(ExtensibilityGlobals) = postSolution
		SolutionGuid = {CBFDDDA9-432F-4C53-BBC2-BE98462D272C}
	EndGlobalSection
EndGlobal
