
Microsoft Visual Studio Solution File, Format Version 12.00
# Visual Studio Version 16
VisualStudioVersion = 16.0.31205.134
MinimumVisualStudioVersion = 10.0.40219.1
Project("{FAE04EC0-301F-11D3-BF4B-00C04F79EFBC}") = "WebAssembly", "WebAssembly\WebAssembly.csproj", "{8CFFAF8D-7186-493D-B093-83126D4D42AF}"
EndProject
Project("{FAE04EC0-301F-11D3-BF4B-00C04F79EFBC}") = "ClassLibrary", "ClassLibrary\ClassLibrary.csproj", "{DBCAAF03-D42B-44B6-8CCF-FDFA2FFA28D5}"
EndProject
Global
	GlobalSection(SolutionConfigurationPlatforms) = preSolution
		Debug|Any CPU = Debug|Any CPU
		Release|Any CPU = Release|Any CPU
	EndGlobalSection
	GlobalSection(ProjectConfigurationPlatforms) = postSolution
		{8CFFAF8D-7186-493D-B093-83126D4D42AF}.Debug|Any CPU.ActiveCfg = Debug|Any CPU
		{8CFFAF8D-7186-493D-B093-83126D4D42AF}.Debug|Any CPU.Build.0 = Debug|Any CPU
		{8CFFAF8D-7186-493D-B093-83126D4D42AF}.Release|Any CPU.ActiveCfg = Release|Any CPU
		{8CFFAF8D-7186-493D-B093-83126D4D42AF}.Release|Any CPU.Build.0 = Release|Any CPU
		{DBCAAF03-D42B-44B6-8CCF-FDFA2FFA28D5}.Debug|Any CPU.ActiveCfg = Debug|Any CPU
		{DBCAAF03-D42B-44B6-8CCF-FDFA2FFA28D5}.Debug|Any CPU.Build.0 = Debug|Any CPU
		{DBCAAF03-D42B-44B6-8CCF-FDFA2FFA28D5}.Release|Any CPU.ActiveCfg = Release|Any CPU
		{DBCAAF03-D42B-44B6-8CCF-FDFA2FFA28D5}.Release|Any CPU.Build.0 = Release|Any CPU
	EndGlobalSection
	GlobalSection(SolutionProperties) = preSolution
		HideSolutionNode = FALSE
	EndGlobalSection
	GlobalSection(ExtensibilityGlobals) = postSolution
		SolutionGuid = {4524026A-759C-4B85-8020-42D2BA3175F7}
	EndGlobalSection
EndGlobal
